
Microsoft Visual Studio Solution File, Format Version 12.00
# Visual Studio 14
VisualStudioVersion = 14.0.25420.1
MinimumVisualStudioVersion = 10.0.40219.1
Project("{8BC9CEB8-8B4A-11D0-8D11-00A0C91BC942}") = "CoCo", "CoCo\CoCo.vcxproj", "{F40FFB30-3C3C-41F4-87C0-73137AB9FAB5}"
EndProject
Project("{8BC9CEB8-8B4A-11D0-8D11-00A0C91BC942}") = "Ioc", "Ioc\Ioc.vcxproj", "{B64A853B-1CC9-4AA3-B350-814DE9997201}"
EndProject
Project("{8BC9CEB8-8B4A-11D0-8D11-00A0C91BC942}") = "UnitTest1", "UnitTest1\UnitTest1.vcxproj", "{F81671C9-10E0-4F36-A266-624FA76F0BE9}"
EndProject
Project("{8BC9CEB8-8B4A-11D0-8D11-00A0C91BC942}") = "Singleton", "Singleton\Singleton.vcxproj", "{03270E8A-1060-4BD8-B33D-432033C58C75}"
EndProject
Project("{8BC9CEB8-8B4A-11D0-8D11-00A0C91BC942}") = "Observer", "Observer\Observer.vcxproj", "{1FF38EE9-5B83-47FD-ABB6-C11AD94B0312}"
EndProject
Global
	GlobalSection(SolutionConfigurationPlatforms) = preSolution
		Debug|x64 = Debug|x64
		Debug|x86 = Debug|x86
		Release|x64 = Release|x64
		Release|x86 = Release|x86
	EndGlobalSection
	GlobalSection(ProjectConfigurationPlatforms) = postSolution
		{F40FFB30-3C3C-41F4-87C0-73137AB9FAB5}.Debug|x64.ActiveCfg = Debug|x64
		{F40FFB30-3C3C-41F4-87C0-73137AB9FAB5}.Debug|x64.Build.0 = Debug|x64
		{F40FFB30-3C3C-41F4-87C0-73137AB9FAB5}.Debug|x86.ActiveCfg = Debug|Win32
		{F40FFB30-3C3C-41F4-87C0-73137AB9FAB5}.Debug|x86.Build.0 = Debug|Win32
		{F40FFB30-3C3C-41F4-87C0-73137AB9FAB5}.Release|x64.ActiveCfg = Release|x64
		{F40FFB30-3C3C-41F4-87C0-73137AB9FAB5}.Release|x64.Build.0 = Release|x64
		{F40FFB30-3C3C-41F4-87C0-73137AB9FAB5}.Release|x86.ActiveCfg = Release|Win32
		{F40FFB30-3C3C-41F4-87C0-73137AB9FAB5}.Release|x86.Build.0 = Release|Win32
		{B64A853B-1CC9-4AA3-B350-814DE9997201}.Debug|x64.ActiveCfg = Debug|x64
		{B64A853B-1CC9-4AA3-B350-814DE9997201}.Debug|x64.Build.0 = Debug|x64
		{B64A853B-1CC9-4AA3-B350-814DE9997201}.Debug|x86.ActiveCfg = Debug|Win32
		{B64A853B-1CC9-4AA3-B350-814DE9997201}.Debug|x86.Build.0 = Debug|Win32
		{B64A853B-1CC9-4AA3-B350-814DE9997201}.Release|x64.ActiveCfg = Release|x64
		{B64A853B-1CC9-4AA3-B350-814DE9997201}.Release|x64.Build.0 = Release|x64
		{B64A853B-1CC9-4AA3-B350-814DE9997201}.Release|x86.ActiveCfg = Release|Win32
		{B64A853B-1CC9-4AA3-B350-814DE9997201}.Release|x86.Build.0 = Release|Win32
		{F81671C9-10E0-4F36-A266-624FA76F0BE9}.Debug|x64.ActiveCfg = Debug|x64
		{F81671C9-10E0-4F36-A266-624FA76F0BE9}.Debug|x64.Build.0 = Debug|x64
		{F81671C9-10E0-4F36-A266-624FA76F0BE9}.Debug|x86.ActiveCfg = Debug|Win32
		{F81671C9-10E0-4F36-A266-624FA76F0BE9}.Debug|x86.Build.0 = Debug|Win32
		{F81671C9-10E0-4F36-A266-624FA76F0BE9}.Release|x64.ActiveCfg = Release|x64
		{F81671C9-10E0-4F36-A266-624FA76F0BE9}.Release|x64.Build.0 = Release|x64
		{F81671C9-10E0-4F36-A266-624FA76F0BE9}.Release|x86.ActiveCfg = Release|Win32
		{F81671C9-10E0-4F36-A266-624FA76F0BE9}.Release|x86.Build.0 = Release|Win32
		{03270E8A-1060-4BD8-B33D-432033C58C75}.Debug|x64.ActiveCfg = Debug|x64
		{03270E8A-1060-4BD8-B33D-432033C58C75}.Debug|x64.Build.0 = Debug|x64
		{03270E8A-1060-4BD8-B33D-432033C58C75}.Debug|x86.ActiveCfg = Debug|Win32
		{03270E8A-1060-4BD8-B33D-432033C58C75}.Debug|x86.Build.0 = Debug|Win32
		{03270E8A-1060-4BD8-B33D-432033C58C75}.Release|x64.ActiveCfg = Release|x64
		{03270E8A-1060-4BD8-B33D-432033C58C75}.Release|x64.Build.0 = Release|x64
		{03270E8A-1060-4BD8-B33D-432033C58C75}.Release|x86.ActiveCfg = Release|Win32
		{03270E8A-1060-4BD8-B33D-432033C58C75}.Release|x86.Build.0 = Release|Win32
		{1FF38EE9-5B83-47FD-ABB6-C11AD94B0312}.Debug|x64.ActiveCfg = Debug|x64
		{1FF38EE9-5B83-47FD-ABB6-C11AD94B0312}.Debug|x64.Build.0 = Debug|x64
		{1FF38EE9-5B83-47FD-ABB6-C11AD94B0312}.Debug|x86.ActiveCfg = Debug|Win32
		{1FF38EE9-5B83-47FD-ABB6-C11AD94B0312}.Debug|x86.Build.0 = Debug|Win32
		{1FF38EE9-5B83-47FD-ABB6-C11AD94B0312}.Release|x64.ActiveCfg = Release|x64
		{1FF38EE9-5B83-47FD-ABB6-C11AD94B0312}.Release|x64.Build.0 = Release|x64
		{1FF38EE9-5B83-47FD-ABB6-C11AD94B0312}.Release|x86.ActiveCfg = Release|Win32
		{1FF38EE9-5B83-47FD-ABB6-C11AD94B0312}.Release|x86.Build.0 = Release|Win32
	EndGlobalSection
	GlobalSection(SolutionProperties) = preSolution
		HideSolutionNode = FALSE
	EndGlobalSection
EndGlobal
